{
  "name": "workbox-precaching",
  "version": "4.1.0",
  "lockfileVersion": 1,
  "requires": true,
  "dependencies": {
    "workbox-core": {
      "version": "3.6.3",
      "resolved": "https://registry.npmjs.org/workbox-core/-/workbox-core-3.6.3.tgz",
      "integrity": "sha512-cx9cx0nscPkIWs8Pt98HGrS9/aORuUcSkWjG25GqNWdvD/pSe7/5Oh3BKs0fC+rUshCiyLbxW54q0hA+GqZeSQ=="
    }
  }
}
